// !$*UTF8*$!
{
	archiveVersion = 1;
	classes = {
	};
	objectVersion = 50;
	objects = {

/* Begin PBXBuildFile section */
		CE25CB0A2383E0AC001016EE /* AppDelegate.swift in Sources */ = {isa = PBXBuildFile; fileRef = CE25CB092383E0AC001016EE /* AppDelegate.swift */; };
		CE25CB0C2383E0AC001016EE /* ViewController.swift in Sources */ = {isa = PBXBuildFile; fileRef = CE25CB0B2383E0AC001016EE /* ViewController.swift */; };
		CE25CB0F2383E0AC001016EE /* Main.storyboard in Resources */ = {isa = PBXBuildFile; fileRef = CE25CB0D2383E0AC001016EE /* Main.storyboard */; };
		CE25CB112383E0AE001016EE /* Assets.xcassets in Resources */ = {isa = PBXBuildFile; fileRef = CE25CB102383E0AE001016EE /* Assets.xcassets */; };
		CE25CB142383E0AE001016EE /* LaunchScreen.storyboard in Resources */ = {isa = PBXBuildFile; fileRef = CE25CB122383E0AE001016EE /* LaunchScreen.storyboard */; };
		CE25CB1C2383E296001016EE /* PlayerViewController.swift in Sources */ = {isa = PBXBuildFile; fileRef = CE25CB1B2383E296001016EE /* PlayerViewController.swift */; };
		CE25CB212383EF0E001016EE /* plazma.mp4 in Resources */ = {isa = PBXBuildFile; fileRef = CE25CB202383EF0D001016EE /* plazma.mp4 */; };
		CE25CB242383F7EC001016EE /* guano.mp4 in Resources */ = {isa = PBXBuildFile; fileRef = CE25CB222383F7EB001016EE /* guano.mp4 */; };
		CE25CB252383F7EC001016EE /* toniRayt.mp4 in Resources */ = {isa = PBXBuildFile; fileRef = CE25CB232383F7EC001016EE /* toniRayt.mp4 */; };
		CE25CB27238411A0001016EE /* CustomVideoPlayer.swift in Sources */ = {isa = PBXBuildFile; fileRef = CE25CB26238411A0001016EE /* CustomVideoPlayer.swift */; };
		CE25CB2923841565001016EE /* Extension.swift in Sources */ = {isa = PBXBuildFile; fileRef = CE25CB2823841565001016EE /* Extension.swift */; };
		CE25CB2B23841BE4001016EE /* ManagerUrlFile.swift in Sources */ = {isa = PBXBuildFile; fileRef = CE25CB2A23841BE4001016EE /* ManagerUrlFile.swift */; };
		CE25CB2F23842382001016EE /* VideoPlayerView.xib in Resources */ = {isa = PBXBuildFile; fileRef = CE25CB2E23842382001016EE /* VideoPlayerView.xib */; };
		CE25CB31238423A0001016EE /* VideoPlayerView.swift in Sources */ = {isa = PBXBuildFile; fileRef = CE25CB30238423A0001016EE /* VideoPlayerView.swift */; };
		CE9D182523852AF9008ECB35 /* ExtensionVolume.swift in Sources */ = {isa = PBXBuildFile; fileRef = CE9D182423852AF9008ECB35 /* ExtensionVolume.swift */; };
		CE9D1827238556BF008ECB35 /* ExtensionGestures.swift in Sources */ = {isa = PBXBuildFile; fileRef = CE9D1826238556BF008ECB35 /* ExtensionGestures.swift */; };
/* End PBXBuildFile section */

/* Begin PBXFileReference section */
		CE25CB062383E0AC001016EE /* videoVC.app */ = {isa = PBXFileReference; explicitFileType = wrapper.application; includeInIndex = 0; path = videoVC.app; sourceTree = BUILT_PRODUCTS_DIR; };
		CE25CB092383E0AC001016EE /* AppDelegate.swift */ = {isa = PBXFileReference; lastKnownFileType = sourcecode.swift; path = AppDelegate.swift; sourceTree = "<group>"; };
		CE25CB0B2383E0AC001016EE /* ViewController.swift */ = {isa = PBXFileReference; lastKnownFileType = sourcecode.swift; path = ViewController.swift; sourceTree = "<group>"; };
		CE25CB0E2383E0AC001016EE /* Base */ = {isa = PBXFileReference; lastKnownFileType = file.storyboard; name = Base; path = Base.lproj/Main.storyboard; sourceTree = "<group>"; };
		CE25CB102383E0AE001016EE /* Assets.xcassets */ = {isa = PBXFileReference; lastKnownFileType = folder.assetcatalog; path = Assets.xcassets; sourceTree = "<group>"; };
		CE25CB132383E0AE001016EE /* Base */ = {isa = PBXFileReference; lastKnownFileType = file.storyboard; name = Base; path = Base.lproj/LaunchScreen.storyboard; sourceTree = "<group>"; };
		CE25CB152383E0AE001016EE /* Info.plist */ = {isa = PBXFileReference; lastKnownFileType = text.plist.xml; path = Info.plist; sourceTree = "<group>"; };
		CE25CB1B2383E296001016EE /* PlayerViewController.swift */ = {isa = PBXFileReference; fileEncoding = 4; lastKnownFileType = sourcecode.swift; path = PlayerViewController.swift; sourceTree = "<group>"; };
		CE25CB202383EF0D001016EE /* plazma.mp4 */ = {isa = PBXFileReference; lastKnownFileType = file; path = plazma.mp4; sourceTree = "<group>"; };
		CE25CB222383F7EB001016EE /* guano.mp4 */ = {isa = PBXFileReference; lastKnownFileType = file; path = guano.mp4; sourceTree = "<group>"; };
		CE25CB232383F7EC001016EE /* toniRayt.mp4 */ = {isa = PBXFileReference; lastKnownFileType = file; path = toniRayt.mp4; sourceTree = "<group>"; };
		CE25CB26238411A0001016EE /* CustomVideoPlayer.swift */ = {isa = PBXFileReference; lastKnownFileType = sourcecode.swift; path = CustomVideoPlayer.swift; sourceTree = "<group>"; };
		CE25CB2823841565001016EE /* Extension.swift */ = {isa = PBXFileReference; lastKnownFileType = sourcecode.swift; path = Extension.swift; sourceTree = "<group>"; };
		CE25CB2A23841BE4001016EE /* ManagerUrlFile.swift */ = {isa = PBXFileReference; lastKnownFileType = sourcecode.swift; path = ManagerUrlFile.swift; sourceTree = "<group>"; };
		CE25CB2E23842382001016EE /* VideoPlayerView.xib */ = {isa = PBXFileReference; lastKnownFileType = file.xib; path = VideoPlayerView.xib; sourceTree = "<group>"; };
		CE25CB30238423A0001016EE /* VideoPlayerView.swift */ = {isa = PBXFileReference; lastKnownFileType = sourcecode.swift; path = VideoPlayerView.swift; sourceTree = "<group>"; };
		CE9D182423852AF9008ECB35 /* ExtensionVolume.swift */ = {isa = PBXFileReference; lastKnownFileType = sourcecode.swift; path = ExtensionVolume.swift; sourceTree = "<group>"; };
		CE9D1826238556BF008ECB35 /* ExtensionGestures.swift */ = {isa = PBXFileReference; lastKnownFileType = sourcecode.swift; path = ExtensionGestures.swift; sourceTree = "<group>"; };
/* End PBXFileReference section */

/* Begin PBXFrameworksBuildPhase section */
		CE25CB032383E0AC001016EE /* Frameworks */ = {
			isa = PBXFrameworksBuildPhase;
			buildActionMask = 2147483647;
			files = (
			);
			runOnlyForDeploymentPostprocessing = 0;
		};
/* End PBXFrameworksBuildPhase section */

/* Begin PBXGroup section */
		CE25CAFD2383E0AC001016EE = {
			isa = PBXGroup;
			children = (
				CE25CB222383F7EB001016EE /* guano.mp4 */,
				CE25CB232383F7EC001016EE /* toniRayt.mp4 */,
				CE25CB202383EF0D001016EE /* plazma.mp4 */,
				CE25CB082383E0AC001016EE /* videoVC */,
				CE25CB072383E0AC001016EE /* Products */,
			);
			sourceTree = "<group>";
		};
		CE25CB072383E0AC001016EE /* Products */ = {
			isa = PBXGroup;
			children = (
				CE25CB062383E0AC001016EE /* videoVC.app */,
			);
			name = Products;
			sourceTree = "<group>";
		};
		CE25CB082383E0AC001016EE /* videoVC */ = {
			isa = PBXGroup;
			children = (
				CE25CB092383E0AC001016EE /* AppDelegate.swift */,
				CE25CB0B2383E0AC001016EE /* ViewController.swift */,
				CE25CB1B2383E296001016EE /* PlayerViewController.swift */,
				CE9D1823238524F0008ECB35 /* CustomVideoPlayer */,
				CE25CB2D2384230C001016EE /* Views */,
				CE25CB2C23841BEE001016EE /* Managers */,
				CE25CB0D2383E0AC001016EE /* Main.storyboard */,
				CE25CB102383E0AE001016EE /* Assets.xcassets */,
				CE25CB122383E0AE001016EE /* LaunchScreen.storyboard */,
				CE25CB152383E0AE001016EE /* Info.plist */,
			);
			path = videoVC;
			sourceTree = "<group>";
		};
		CE25CB2C23841BEE001016EE /* Managers */ = {
			isa = PBXGroup;
			children = (
				CE25CB2823841565001016EE /* Extension.swift */,
				CE25CB2A23841BE4001016EE /* ManagerUrlFile.swift */,
			);
			path = Managers;
			sourceTree = "<group>";
		};
		CE25CB2D2384230C001016EE /* Views */ = {
			isa = PBXGroup;
			children = (
				CE25CB2E23842382001016EE /* VideoPlayerView.xib */,
				CE25CB30238423A0001016EE /* VideoPlayerView.swift */,
			);
			path = Views;
			sourceTree = "<group>";
		};
		CE9D1823238524F0008ECB35 /* CustomVideoPlayer */ = {
			isa = PBXGroup;
			children = (
				CE25CB26238411A0001016EE /* CustomVideoPlayer.swift */,
				CE9D182423852AF9008ECB35 /* ExtensionVolume.swift */,
				CE9D1826238556BF008ECB35 /* ExtensionGestures.swift */,
			);
			path = CustomVideoPlayer;
			sourceTree = "<group>";
		};
/* End PBXGroup section */

/* Begin PBXNativeTarget section */
		CE25CB052383E0AC001016EE /* videoVC */ = {
			isa = PBXNativeTarget;
			buildConfigurationList = CE25CB182383E0AE001016EE /* Build configuration list for PBXNativeTarget "videoVC" */;
			buildPhases = (
				CE25CB022383E0AC001016EE /* Sources */,
				CE25CB032383E0AC001016EE /* Frameworks */,
				CE25CB042383E0AC001016EE /* Resources */,
			);
			buildRules = (
			);
			dependencies = (
			);
			name = videoVC;
			productName = videoVC;
			productReference = CE25CB062383E0AC001016EE /* videoVC.app */;
			productType = "com.apple.product-type.application";
		};
/* End PBXNativeTarget section */

/* Begin PBXProject section */
		CE25CAFE2383E0AC001016EE /* Project object */ = {
			isa = PBXProject;
			attributes = {
				LastSwiftUpdateCheck = 1010;
				LastUpgradeCheck = 1010;
				ORGANIZATIONNAME = Username;
				TargetAttributes = {
					CE25CB052383E0AC001016EE = {
						CreatedOnToolsVersion = 10.1;
					};
				};
			};
			buildConfigurationList = CE25CB012383E0AC001016EE /* Build configuration list for PBXProject "videoVC" */;
			compatibilityVersion = "Xcode 9.3";
			developmentRegion = en;
			hasScannedForEncodings = 0;
			knownRegions = (
				en,
				Base,
			);
			mainGroup = CE25CAFD2383E0AC001016EE;
			productRefGroup = CE25CB072383E0AC001016EE /* Products */;
			projectDirPath = "";
			projectRoot = "";
			targets = (
				CE25CB052383E0AC001016EE /* videoVC */,
			);
		};
/* End PBXProject section */

/* Begin PBXResourcesBuildPhase section */
		CE25CB042383E0AC001016EE /* Resources */ = {
			isa = PBXResourcesBuildPhase;
			buildActionMask = 2147483647;
			files = (
				CE25CB142383E0AE001016EE /* LaunchScreen.storyboard in Resources */,
				CE25CB112383E0AE001016EE /* Assets.xcassets in Resources */,
				CE25CB212383EF0E001016EE /* plazma.mp4 in Resources */,
				CE25CB242383F7EC001016EE /* guano.mp4 in Resources */,
				CE25CB252383F7EC001016EE /* toniRayt.mp4 in Resources */,
				CE25CB2F23842382001016EE /* VideoPlayerView.xib in Resources */,
				CE25CB0F2383E0AC001016EE /* Main.storyboard in Resources */,
			);
			runOnlyForDeploymentPostprocessing = 0;
		};
/* End PBXResourcesBuildPhase section */

/* Begin PBXSourcesBuildPhase section */
		CE25CB022383E0AC001016EE /* Sources */ = {
			isa = PBXSourcesBuildPhase;
			buildActionMask = 2147483647;
			files = (
				CE25CB2923841565001016EE /* Extension.swift in Sources */,
				CE25CB2B23841BE4001016EE /* ManagerUrlFile.swift in Sources */,
				CE25CB0C2383E0AC001016EE /* ViewController.swift in Sources */,
				CE25CB27238411A0001016EE /* CustomVideoPlayer.swift in Sources */,
				CE25CB0A2383E0AC001016EE /* AppDelegate.swift in Sources */,
				CE9D1827238556BF008ECB35 /* ExtensionGestures.swift in Sources */,
				CE9D182523852AF9008ECB35 /* ExtensionVolume.swift in Sources */,
				CE25CB1C2383E296001016EE /* PlayerViewController.swift in Sources */,
				CE25CB31238423A0001016EE /* VideoPlayerView.swift in Sources */,
			);
			runOnlyForDeploymentPostprocessing = 0;
		};
/* End PBXSourcesBuildPhase section */

/* Begin PBXVariantGroup section */
		CE25CB0D2383E0AC001016EE /* Main.storyboard */ = {
			isa = PBXVariantGroup;
			children = (
				CE25CB0E2383E0AC001016EE /* Base */,
			);
			name = Main.storyboard;
			sourceTree = "<group>";
		};
		CE25CB122383E0AE001016EE /* LaunchScreen.storyboard */ = {
			isa = PBXVariantGroup;
			children = (
				CE25CB132383E0AE001016EE /* Base */,
			);
			name = LaunchScreen.storyboard;
			sourceTree = "<group>";
		};
/* End PBXVariantGroup section */

/* Begin XCBuildConfiguration section */
		CE25CB162383E0AE001016EE /* Debug */ = {
			isa = XCBuildConfiguration;
			buildSettings = {
				ALWAYS_SEARCH_USER_PATHS = NO;
				CLANG_ANALYZER_NONNULL = YES;
				CLANG_ANALYZER_NUMBER_OBJECT_CONVERSION = YES_AGGRESSIVE;
				CLANG_CXX_LANGUAGE_STANDARD = "gnu++14";
				CLANG_CXX_LIBRARY = "libc++";
				CLANG_ENABLE_MODULES = YES;
				CLANG_ENABLE_OBJC_ARC = YES;
				CLANG_ENABLE_OBJC_WEAK = YES;
				CLANG_WARN_BLOCK_CAPTURE_AUTORELEASING = YES;
				CLANG_WARN_BOOL_CONVERSION = YES;
				CLANG_WARN_COMMA = YES;
				CLANG_WARN_CONSTANT_CONVERSION = YES;
				CLANG_WARN_DEPRECATED_OBJC_IMPLEMENTATIONS = YES;
				CLANG_WARN_DIRECT_OBJC_ISA_USAGE = YES_ERROR;
				CLANG_WARN_DOCUMENTATION_COMMENTS = YES;
				CLANG_WARN_EMPTY_BODY = YES;
				CLANG_WARN_ENUM_CONVERSION = YES;
				CLANG_WARN_INFINITE_RECURSION = YES;
				CLANG_WARN_INT_CONVERSION = YES;
				CLANG_WARN_NON_LITERAL_NULL_CONVERSION = YES;
				CLANG_WARN_OBJC_IMPLICIT_RETAIN_SELF = YES;
				CLANG_WARN_OBJC_LITERAL_CONVERSION = YES;
				CLANG_WARN_OBJC_ROOT_CLASS = YES_ERROR;
				CLANG_WARN_RANGE_LOOP_ANALYSIS = YES;
				CLANG_WARN_STRICT_PROTOTYPES = YES;
				CLANG_WARN_SUSPICIOUS_MOVE = YES;
				CLANG_WARN_UNGUARDED_AVAILABILITY = YES_AGGRESSIVE;
				CLANG_WARN_UNREACHABLE_CODE = YES;
				CLANG_WARN__DUPLICATE_METHOD_MATCH = YES;
				CODE_SIGN_IDENTITY = "iPhone Developer";
				COPY_PHASE_STRIP = NO;
				DEBUG_INFORMATION_FORMAT = dwarf;
				ENABLE_STRICT_OBJC_MSGSEND = YES;
				ENABLE_TESTABILITY = YES;
				GCC_C_LANGUAGE_STANDARD = gnu11;
				GCC_DYNAMIC_NO_PIC = NO;
				GCC_NO_COMMON_BLOCKS = YES;
				GCC_OPTIMIZATION_LEVEL = 0;
				GCC_PREPROCESSOR_DEFINITIONS = (
					"DEBUG=1",
					"$(inherited)",
				);
				GCC_WARN_64_TO_32_BIT_CONVERSION = YES;
				GCC_WARN_ABOUT_RETURN_TYPE = YES_ERROR;
				GCC_WARN_UNDECLARED_SELECTOR = YES;
				GCC_WARN_UNINITIALIZED_AUTOS = YES_AGGRESSIVE;
				GCC_WARN_UNUSED_FUNCTION = YES;
				GCC_WARN_UNUSED_VARIABLE = YES;
				IPHONEOS_DEPLOYMENT_TARGET = 12.1;
				MTL_ENABLE_DEBUG_INFO = INCLUDE_SOURCE;
				MTL_FAST_MATH = YES;
				ONLY_ACTIVE_ARCH = YES;
				SDKROOT = iphoneos;
				SWIFT_ACTIVE_COMPILATION_CONDITIONS = DEBUG;
				SWIFT_OPTIMIZATION_LEVEL = "-Onone";
			};
			name = Debug;
		};
		CE25CB172383E0AE001016EE /* Release */ = {
			isa = XCBuildConfiguration;
			buildSettings = {
				ALWAYS_SEARCH_USER_PATHS = NO;
				CLANG_ANALYZER_NONNULL = YES;
				CLANG_ANALYZER_NUMBER_OBJECT_CONVERSION = YES_AGGRESSIVE;
				CLANG_CXX_LANGUAGE_STANDARD = "gnu++14";
				CLANG_CXX_LIBRARY = "libc++";
				CLANG_ENABLE_MODULES = YES;
				CLANG_ENABLE_OBJC_ARC = YES;
				CLANG_ENABLE_OBJC_WEAK = YES;
				CLANG_WARN_BLOCK_CAPTURE_AUTORELEASING = YES;
				CLANG_WARN_BOOL_CONVERSION = YES;
				CLANG_WARN_COMMA = YES;
				CLANG_WARN_CONSTANT_CONVERSION = YES;
				CLANG_WARN_DEPRECATED_OBJC_IMPLEMENTATIONS = YES;
				CLANG_WARN_DIRECT_OBJC_ISA_USAGE = YES_ERROR;
				CLANG_WARN_DOCUMENTATION_COMMENTS = YES;
				CLANG_WARN_EMPTY_BODY = YES;
				CLANG_WARN_ENUM_CONVERSION = YES;
				CLANG_WARN_INFINITE_RECURSION = YES;
				CLANG_WARN_INT_CONVERSION = YES;
				CLANG_WARN_NON_LITERAL_NULL_CONVERSION = YES;
				CLANG_WARN_OBJC_IMPLICIT_RETAIN_SELF = YES;
				CLANG_WARN_OBJC_LITERAL_CONVERSION = YES;
				CLANG_WARN_OBJC_ROOT_CLASS = YES_ERROR;
				CLANG_WARN_RANGE_LOOP_ANALYSIS = YES;
				CLANG_WARN_STRICT_PROTOTYPES = YES;
				CLANG_WARN_SUSPICIOUS_MOVE = YES;
				CLANG_WARN_UNGUARDED_AVAILABILITY = YES_AGGRESSIVE;
				CLANG_WARN_UNREACHABLE_CODE = YES;
				CLANG_WARN__DUPLICATE_METHOD_MATCH = YES;
				CODE_SIGN_IDENTITY = "iPhone Developer";
				COPY_PHASE_STRIP = NO;
				DEBUG_INFORMATION_FORMAT = "dwarf-with-dsym";
				ENABLE_NS_ASSERTIONS = NO;
				ENABLE_STRICT_OBJC_MSGSEND = YES;
				GCC_C_LANGUAGE_STANDARD = gnu11;
				GCC_NO_COMMON_BLOCKS = YES;
				GCC_WARN_64_TO_32_BIT_CONVERSION = YES;
				GCC_WARN_ABOUT_RETURN_TYPE = YES_ERROR;
				GCC_WARN_UNDECLARED_SELECTOR = YES;
				GCC_WARN_UNINITIALIZED_AUTOS = YES_AGGRESSIVE;
				GCC_WARN_UNUSED_FUNCTION = YES;
				GCC_WARN_UNUSED_VARIABLE = YES;
				IPHONEOS_DEPLOYMENT_TARGET = 12.1;
				MTL_ENABLE_DEBUG_INFO = NO;
				MTL_FAST_MATH = YES;
				SDKROOT = iphoneos;
				SWIFT_COMPILATION_MODE = wholemodule;
				SWIFT_OPTIMIZATION_LEVEL = "-O";
				VALIDATE_PRODUCT = YES;
			};
			name = Release;
		};
		CE25CB192383E0AE001016EE /* Debug */ = {
			isa = XCBuildConfiguration;
			buildSettings = {
				ASSETCATALOG_COMPILER_APPICON_NAME = AppIcon;
				CODE_SIGN_STYLE = Automatic;
				DEVELOPMENT_TEAM = UDKVUYFRKW;
				INFOPLIST_FILE = videoVC/Info.plist;
				IPHONEOS_DEPLOYMENT_TARGET = 9.0;
				LD_RUNPATH_SEARCH_PATHS = (
					"$(inherited)",
					"@executable_path/Frameworks",
				);
				PRODUCT_BUNDLE_IDENTIFIER = itMS.videoVC;
				PRODUCT_NAME = "$(TARGET_NAME)";
				SWIFT_VERSION = 4.2;
				TARGETED_DEVICE_FAMILY = "1,2";
			};
			name = Debug;
		};
		CE25CB1A2383E0AE001016EE /* Release */ = {
			isa = XCBuildConfiguration;
			buildSettings = {
				ASSETCATALOG_COMPILER_APPICON_NAME = AppIcon;
				CODE_SIGN_STYLE = Automatic;
				DEVELOPMENT_TEAM = UDKVUYFRKW;
				INFOPLIST_FILE = videoVC/Info.plist;
				IPHONEOS_DEPLOYMENT_TARGET = 9.0;
				LD_RUNPATH_SEARCH_PATHS = (
					"$(inherited)",
					"@executable_path/Frameworks",
				);
				PRODUCT_BUNDLE_IDENTIFIER = itMS.videoVC;
				PRODUCT_NAME = "$(TARGET_NAME)";
				SWIFT_VERSION = 4.2;
				TARGETED_DEVICE_FAMILY = "1,2";
			};
			name = Release;
		};
/* End XCBuildConfiguration section */

/* Begin XCConfigurationList section */
		CE25CB012383E0AC001016EE /* Build configuration list for PBXProject "videoVC" */ = {
			isa = XCConfigurationList;
			buildConfigurations = (
				CE25CB162383E0AE001016EE /* Debug */,
				CE25CB172383E0AE001016EE /* Release */,
			);
			defaultConfigurationIsVisible = 0;
			defaultConfigurationName = Release;
		};
		CE25CB182383E0AE001016EE /* Build configuration list for PBXNativeTarget "videoVC" */ = {
			isa = XCConfigurationList;
			buildConfigurations = (
				CE25CB192383E0AE001016EE /* Debug */,
				CE25CB1A2383E0AE001016EE /* Release */,
			);
			defaultConfigurationIsVisible = 0;
			defaultConfigurationName = Release;
		};
/* End XCConfigurationList section */
	};
	rootObject = CE25CAFE2383E0AC001016EE /* Project object */;
}
